
Microsoft Visual Studio Solution File, Format Version 12.00
# Visual Studio Version 17
VisualStudioVersion = 17.4.33213.308
MinimumVisualStudioVersion = 10.0.40219.1
Project("{FAE04EC0-301F-11D3-BF4B-00C04F79EFBC}") = "ApplaudoWeek04CodeFirst.Application", "ApplaudoWeek04CodeFirst.Application\ApplaudoWeek04CodeFirst.Application.csproj", "{36363982-DD95-4EC6-A143-954E8B0137EF}"
EndProject
Project("{FAE04EC0-301F-11D3-BF4B-00C04F79EFBC}") = "ApplaudoWeek04CodeFirst.Data", "ApplaudoWeek04CodeFirst.Data\ApplaudoWeek04CodeFirst.Data.csproj", "{70F753B8-DCFD-4464-B4B7-66FF77032D86}"
EndProject
Project("{FAE04EC0-301F-11D3-BF4B-00C04F79EFBC}") = "ApplaudoWeek04CodeFirst.Domain", "ApplaudoWeek04CodeFirst.Domain\ApplaudoWeek04CodeFirst.Domain.csproj", "{42A229B0-FE8E-4A2D-95AD-E9E8980A3727}"
EndProject
Global
	GlobalSection(SolutionConfigurationPlatforms) = preSolution
		Debug|Any CPU = Debug|Any CPU
		Release|Any CPU = Release|Any CPU
	EndGlobalSection
	GlobalSection(ProjectConfigurationPlatforms) = postSolution
		{36363982-DD95-4EC6-A143-954E8B0137EF}.Debug|Any CPU.ActiveCfg = Debug|Any CPU
		{36363982-DD95-4EC6-A143-954E8B0137EF}.Debug|Any CPU.Build.0 = Debug|Any CPU
		{36363982-DD95-4EC6-A143-954E8B0137EF}.Release|Any CPU.ActiveCfg = Release|Any CPU
		{36363982-DD95-4EC6-A143-954E8B0137EF}.Release|Any CPU.Build.0 = Release|Any CPU
		{70F753B8-DCFD-4464-B4B7-66FF77032D86}.Debug|Any CPU.ActiveCfg = Debug|Any CPU
		{70F753B8-DCFD-4464-B4B7-66FF77032D86}.Debug|Any CPU.Build.0 = Debug|Any CPU
		{70F753B8-DCFD-4464-B4B7-66FF77032D86}.Release|Any CPU.ActiveCfg = Release|Any CPU
		{70F753B8-DCFD-4464-B4B7-66FF77032D86}.Release|Any CPU.Build.0 = Release|Any CPU
		{42A229B0-FE8E-4A2D-95AD-E9E8980A3727}.Debug|Any CPU.ActiveCfg = Debug|Any CPU
		{42A229B0-FE8E-4A2D-95AD-E9E8980A3727}.Debug|Any CPU.Build.0 = Debug|Any CPU
		{42A229B0-FE8E-4A2D-95AD-E9E8980A3727}.Release|Any CPU.ActiveCfg = Release|Any CPU
		{42A229B0-FE8E-4A2D-95AD-E9E8980A3727}.Release|Any CPU.Build.0 = Release|Any CPU
	EndGlobalSection
	GlobalSection(SolutionProperties) = preSolution
		HideSolutionNode = FALSE
	EndGlobalSection
	GlobalSection(ExtensibilityGlobals) = postSolution
		SolutionGuid = {B43F4BB5-E559-4DDD-B475-C5044571D39A}
	EndGlobalSection
EndGlobal
